
Microsoft Visual Studio Solution File, Format Version 12.00
# Visual Studio Version 17
VisualStudioVersion = 17.14.36408.4 d17.14
MinimumVisualStudioVersion = 10.0.40219.1
Project("{FAE04EC0-301F-11D3-BF4B-00C04F79EFBC}") = "Publicaciones_v01", "Publicaciones_v01\Publicaciones_v01.csproj", "{488E8304-FF77-4DEE-AB54-F95BA597BA6E}"
EndProject
Global
	GlobalSection(SolutionConfigurationPlatforms) = preSolution
		Debug|Any CPU = Debug|Any CPU
		Release|Any CPU = Release|Any CPU
	EndGlobalSection
	GlobalSection(ProjectConfigurationPlatforms) = postSolution
		{488E8304-FF77-4DEE-AB54-F95BA597BA6E}.Debug|Any CPU.ActiveCfg = Debug|Any CPU
		{488E8304-FF77-4DEE-AB54-F95BA597BA6E}.Debug|Any CPU.Build.0 = Debug|Any CPU
		{488E8304-FF77-4DEE-AB54-F95BA597BA6E}.Release|Any CPU.ActiveCfg = Release|Any CPU
		{488E8304-FF77-4DEE-AB54-F95BA597BA6E}.Release|Any CPU.Build.0 = Release|Any CPU
	EndGlobalSection
	GlobalSection(SolutionProperties) = preSolution
		HideSolutionNode = FALSE
	EndGlobalSection
	GlobalSection(ExtensibilityGlobals) = postSolution
		SolutionGuid = {E767447C-008E-4B25-ABC1-D71ED3882D24}
	EndGlobalSection
EndGlobal
