
Microsoft Visual Studio Solution File, Format Version 12.00
# Visual Studio Version 17
VisualStudioVersion = 17.14.36408.4 d17.14
MinimumVisualStudioVersion = 10.0.40219.1
Project("{FAE04EC0-301F-11D3-BF4B-00C04F79EFBC}") = "Publicaciones_v01", "Publicaciones_v01\Publicaciones_v01.csproj", "{540ECE65-4382-4049-8581-DC7BFAB86304}"
EndProject
Global
	GlobalSection(SolutionConfigurationPlatforms) = preSolution
		Debug|Any CPU = Debug|Any CPU
		Release|Any CPU = Release|Any CPU
	EndGlobalSection
	GlobalSection(ProjectConfigurationPlatforms) = postSolution
		{540ECE65-4382-4049-8581-DC7BFAB86304}.Debug|Any CPU.ActiveCfg = Debug|Any CPU
		{540ECE65-4382-4049-8581-DC7BFAB86304}.Debug|Any CPU.Build.0 = Debug|Any CPU
		{540ECE65-4382-4049-8581-DC7BFAB86304}.Release|Any CPU.ActiveCfg = Release|Any CPU
		{540ECE65-4382-4049-8581-DC7BFAB86304}.Release|Any CPU.Build.0 = Release|Any CPU
	EndGlobalSection
	GlobalSection(SolutionProperties) = preSolution
		HideSolutionNode = FALSE
	EndGlobalSection
	GlobalSection(ExtensibilityGlobals) = postSolution
		SolutionGuid = {BC2D70B5-32B7-44F1-AD5B-599C926131E3}
	EndGlobalSection
EndGlobal
