
Microsoft Visual Studio Solution File, Format Version 12.00
# Visual Studio Version 17
VisualStudioVersion = 17.14.36511.14 d17.14
MinimumVisualStudioVersion = 10.0.40219.1
Project("{FAE04EC0-301F-11D3-BF4B-00C04F79EFBC}") = "SoftInvDBManager", "SoftInvDBManager\SoftInvDBManager.csproj", "{14E6DCA0-2957-49DA-9C7E-6FFECC397CD9}"
EndProject
Project("{FAE04EC0-301F-11D3-BF4B-00C04F79EFBC}") = "SoftInvTest", "SoftInvTest\SoftInvTest.csproj", "{42FEFA17-FB95-4CB6-8988-0747283D4964}"
EndProject
Project("{FAE04EC0-301F-11D3-BF4B-00C04F79EFBC}") = "SoftInvModel", "SoftInvModel\SoftInvModel.csproj", "{EA0013DD-5C90-4EE7-B8FC-518AEB48E308}"
EndProject
Project("{FAE04EC0-301F-11D3-BF4B-00C04F79EFBC}") = "SoftInvPersistance", "SoftInvPersistance\SoftInvPersistance.csproj", "{747F4EF5-26F6-4CE4-9DF4-0ABE36CC3EE0}"
EndProject
Project("{FAE04EC0-301F-11D3-BF4B-00C04F79EFBC}") = "SoftInvBusiness", "SoftInvBusiness\SoftInvBusiness.csproj", "{8C544FFD-FF88-4CCD-957B-C5DFF1B7F5BE}"
EndProject
Global
	GlobalSection(SolutionConfigurationPlatforms) = preSolution
		Debug|Any CPU = Debug|Any CPU
		Release|Any CPU = Release|Any CPU
	EndGlobalSection
	GlobalSection(ProjectConfigurationPlatforms) = postSolution
		{14E6DCA0-2957-49DA-9C7E-6FFECC397CD9}.Debug|Any CPU.ActiveCfg = Debug|Any CPU
		{14E6DCA0-2957-49DA-9C7E-6FFECC397CD9}.Debug|Any CPU.Build.0 = Debug|Any CPU
		{14E6DCA0-2957-49DA-9C7E-6FFECC397CD9}.Release|Any CPU.ActiveCfg = Release|Any CPU
		{14E6DCA0-2957-49DA-9C7E-6FFECC397CD9}.Release|Any CPU.Build.0 = Release|Any CPU
		{42FEFA17-FB95-4CB6-8988-0747283D4964}.Debug|Any CPU.ActiveCfg = Debug|Any CPU
		{42FEFA17-FB95-4CB6-8988-0747283D4964}.Debug|Any CPU.Build.0 = Debug|Any CPU
		{42FEFA17-FB95-4CB6-8988-0747283D4964}.Release|Any CPU.ActiveCfg = Release|Any CPU
		{42FEFA17-FB95-4CB6-8988-0747283D4964}.Release|Any CPU.Build.0 = Release|Any CPU
		{EA0013DD-5C90-4EE7-B8FC-518AEB48E308}.Debug|Any CPU.ActiveCfg = Debug|Any CPU
		{EA0013DD-5C90-4EE7-B8FC-518AEB48E308}.Debug|Any CPU.Build.0 = Debug|Any CPU
		{EA0013DD-5C90-4EE7-B8FC-518AEB48E308}.Release|Any CPU.ActiveCfg = Release|Any CPU
		{EA0013DD-5C90-4EE7-B8FC-518AEB48E308}.Release|Any CPU.Build.0 = Release|Any CPU
		{747F4EF5-26F6-4CE4-9DF4-0ABE36CC3EE0}.Debug|Any CPU.ActiveCfg = Debug|Any CPU
		{747F4EF5-26F6-4CE4-9DF4-0ABE36CC3EE0}.Debug|Any CPU.Build.0 = Debug|Any CPU
		{747F4EF5-26F6-4CE4-9DF4-0ABE36CC3EE0}.Release|Any CPU.ActiveCfg = Release|Any CPU
		{747F4EF5-26F6-4CE4-9DF4-0ABE36CC3EE0}.Release|Any CPU.Build.0 = Release|Any CPU
		{8C544FFD-FF88-4CCD-957B-C5DFF1B7F5BE}.Debug|Any CPU.ActiveCfg = Debug|Any CPU
		{8C544FFD-FF88-4CCD-957B-C5DFF1B7F5BE}.Debug|Any CPU.Build.0 = Debug|Any CPU
		{8C544FFD-FF88-4CCD-957B-C5DFF1B7F5BE}.Release|Any CPU.ActiveCfg = Release|Any CPU
		{8C544FFD-FF88-4CCD-957B-C5DFF1B7F5BE}.Release|Any CPU.Build.0 = Release|Any CPU
	EndGlobalSection
	GlobalSection(SolutionProperties) = preSolution
		HideSolutionNode = FALSE
	EndGlobalSection
	GlobalSection(ExtensibilityGlobals) = postSolution
		SolutionGuid = {DA1A9D37-897D-425E-994E-FEB7E5B3C4C2}
	EndGlobalSection
EndGlobal
