
Microsoft Visual Studio Solution File, Format Version 12.00
# Visual Studio Version 17
VisualStudioVersion = 17.11.35327.3
MinimumVisualStudioVersion = 10.0.40219.1
Project("{FAE04EC0-301F-11D3-BF4B-00C04F79EFBC}") = "SoftInvDBManager", "SoftInvDBManager\SoftInvDBManager.csproj", "{CEEA2BBE-3D00-43FE-9370-B14FE726B92B}"
EndProject
Project("{FAE04EC0-301F-11D3-BF4B-00C04F79EFBC}") = "SoftInvTest", "SoftInvTest\SoftInvTest.csproj", "{38F33FAB-4B72-4A4B-AF8A-61D441ACC45A}"
EndProject
Project("{FAE04EC0-301F-11D3-BF4B-00C04F79EFBC}") = "SoftInvModel", "SoftInvModel\SoftInvModel.csproj", "{E6F409CD-6672-4268-BB64-836390510654}"
EndProject
Project("{FAE04EC0-301F-11D3-BF4B-00C04F79EFBC}") = "SoftInvPersistance", "SoftInvPersistance\SoftInvPersistance.csproj", "{B4A6FAB7-7C29-4FD4-8341-75B3A36DC0C3}"
EndProject
Project("{FAE04EC0-301F-11D3-BF4B-00C04F79EFBC}") = "SoftInvBusiness", "SoftInvBusiness\SoftInvBusiness.csproj", "{E3CA282F-4001-4192-ADC0-A8D2C9A0F7C0}"
EndProject
Project("{FAE04EC0-301F-11D3-BF4B-00C04F79EFBC}") = "SoftInvWA", "SoftInvWA\SoftInvWA.csproj", "{B8320767-FE8F-4FBB-B04C-EA305B158867}"
EndProject
Global
	GlobalSection(SolutionConfigurationPlatforms) = preSolution
		Debug|Any CPU = Debug|Any CPU
		Release|Any CPU = Release|Any CPU
	EndGlobalSection
	GlobalSection(ProjectConfigurationPlatforms) = postSolution
		{CEEA2BBE-3D00-43FE-9370-B14FE726B92B}.Debug|Any CPU.ActiveCfg = Debug|Any CPU
		{CEEA2BBE-3D00-43FE-9370-B14FE726B92B}.Debug|Any CPU.Build.0 = Debug|Any CPU
		{CEEA2BBE-3D00-43FE-9370-B14FE726B92B}.Release|Any CPU.ActiveCfg = Release|Any CPU
		{CEEA2BBE-3D00-43FE-9370-B14FE726B92B}.Release|Any CPU.Build.0 = Release|Any CPU
		{38F33FAB-4B72-4A4B-AF8A-61D441ACC45A}.Debug|Any CPU.ActiveCfg = Debug|Any CPU
		{38F33FAB-4B72-4A4B-AF8A-61D441ACC45A}.Debug|Any CPU.Build.0 = Debug|Any CPU
		{38F33FAB-4B72-4A4B-AF8A-61D441ACC45A}.Release|Any CPU.ActiveCfg = Release|Any CPU
		{38F33FAB-4B72-4A4B-AF8A-61D441ACC45A}.Release|Any CPU.Build.0 = Release|Any CPU
		{E6F409CD-6672-4268-BB64-836390510654}.Debug|Any CPU.ActiveCfg = Debug|Any CPU
		{E6F409CD-6672-4268-BB64-836390510654}.Debug|Any CPU.Build.0 = Debug|Any CPU
		{E6F409CD-6672-4268-BB64-836390510654}.Release|Any CPU.ActiveCfg = Release|Any CPU
		{E6F409CD-6672-4268-BB64-836390510654}.Release|Any CPU.Build.0 = Release|Any CPU
		{B4A6FAB7-7C29-4FD4-8341-75B3A36DC0C3}.Debug|Any CPU.ActiveCfg = Debug|Any CPU
		{B4A6FAB7-7C29-4FD4-8341-75B3A36DC0C3}.Debug|Any CPU.Build.0 = Debug|Any CPU
		{B4A6FAB7-7C29-4FD4-8341-75B3A36DC0C3}.Release|Any CPU.ActiveCfg = Release|Any CPU
		{B4A6FAB7-7C29-4FD4-8341-75B3A36DC0C3}.Release|Any CPU.Build.0 = Release|Any CPU
		{E3CA282F-4001-4192-ADC0-A8D2C9A0F7C0}.Debug|Any CPU.ActiveCfg = Debug|Any CPU
		{E3CA282F-4001-4192-ADC0-A8D2C9A0F7C0}.Debug|Any CPU.Build.0 = Debug|Any CPU
		{E3CA282F-4001-4192-ADC0-A8D2C9A0F7C0}.Release|Any CPU.ActiveCfg = Release|Any CPU
		{E3CA282F-4001-4192-ADC0-A8D2C9A0F7C0}.Release|Any CPU.Build.0 = Release|Any CPU
		{B8320767-FE8F-4FBB-B04C-EA305B158867}.Debug|Any CPU.ActiveCfg = Debug|Any CPU
		{B8320767-FE8F-4FBB-B04C-EA305B158867}.Debug|Any CPU.Build.0 = Debug|Any CPU
		{B8320767-FE8F-4FBB-B04C-EA305B158867}.Release|Any CPU.ActiveCfg = Release|Any CPU
		{B8320767-FE8F-4FBB-B04C-EA305B158867}.Release|Any CPU.Build.0 = Release|Any CPU
	EndGlobalSection
	GlobalSection(SolutionProperties) = preSolution
		HideSolutionNode = FALSE
	EndGlobalSection
	GlobalSection(ExtensibilityGlobals) = postSolution
		SolutionGuid = {C1A85FCD-9500-4DF8-B7B3-7956507C3768}
	EndGlobalSection
EndGlobal
